PODS:
  - Alamofire (5.10.2)
  - ObjectMapper (4.4.2)
  - SVPinView (1.0.11)
  - SVProgressHUD (2.3.1):
    - SVProgressHUD/Core (= 2.3.1)
  - SVProgressHUD/Core (2.3.1)
  - Toast-Swift (5.1.1)

DEPENDENCIES:
  - Alamofire
  - ObjectMapper
  - SVPinView
  - SVProgressHUD
  - Toast-Swift

SPEC REPOS:
  trunk:
    - Alamofire
    - ObjectMapper
    - SVPinView
    - SVProgressHUD
    - Toast-Swift

SPEC CHECKSUMS:
  Alamofire: 7193b3b92c74a07f85569e1a6c4f4237291e7496
  ObjectMapper: e6e4d91ff7f2861df7aecc536c92d8363f4c9677
  SVPinView: 9b538d0ba68cdb092afe4f0f67ec84cbed079466
  SVProgressHUD: 4837c74bdfe2e51e8821c397825996a8d7de6e22
  Toast-Swift: 7a03a532afe3a560d4044bc7c237e2864d295173

PODFILE CHECKSUM: 62cf3b186859ef0f3ed8f304c9b442757dc14dfb

COCOAPODS: 1.16.2
